
Microsoft Visual Studio Solution File, Format Version 12.00
# Visual Studio Version 17
VisualStudioVersion = 17.0.31903.59
MinimumVisualStudioVersion = 10.0.40219.1
Project("{2150E333-8FDC-42A3-9474-1A3956D46DE8}") = "Services", "Services", "{AA05EDF8-9869-4FA8-A42A-3EF2A2CA26C8}"
EndProject
Project("{2150E333-8FDC-42A3-9474-1A3956D46DE8}") = "Catalog", "Catalog", "{52685E68-935A-486A-8E81-2729B616A77B}"
EndProject
Project("{9A19103F-16F7-4668-BE54-9A1E7A4F7556}") = "Catalog.API", "Services\Catalog\Catalog.API\Catalog.API.csproj", "{A2D73FC8-959B-4500-8D8E-F53A692D776A}"
EndProject
Project("{2150E333-8FDC-42A3-9474-1A3956D46DE8}") = "BuildingBlocks", "BuildingBlocks", "{270A5259-3818-49E0-8FC2-3C06762807C5}"
EndProject
Project("{9A19103F-16F7-4668-BE54-9A1E7A4F7556}") = "BuildingBlocks", "BuildingBlocks\BuildingBlocks\BuildingBlocks.csproj", "{9D671469-454F-42EC-9107-3C1640285525}"
EndProject
Project("{E53339B2-1760-4266-BCC7-CA923CBCF16C}") = "docker-compose", "docker-compose.dcproj", "{AEF3A292-2A27-4BBB-BC14-21021E750E45}"
EndProject
Project("{2150E333-8FDC-42A3-9474-1A3956D46DE8}") = "Basket", "Basket", "{D70F2D95-AF45-45B4-B515-A342B2418D04}"
EndProject
Project("{9A19103F-16F7-4668-BE54-9A1E7A4F7556}") = "Basket.API", "Services\Basket\Basket.API\Basket.API.csproj", "{DAA22393-F7D5-41B5-8233-0F2867A8D491}"
EndProject
Project("{2150E333-8FDC-42A3-9474-1A3956D46DE8}") = "Discount", "Discount", "{709FB3FB-2E44-4789-AD27-5C9532E9797F}"
EndProject
Project("{9A19103F-16F7-4668-BE54-9A1E7A4F7556}") = "Discount.Grpc", "Services\Discount\Discount.Grpc\Discount.Grpc.csproj", "{4DABEFED-967E-4BE9-9248-42CF71510727}"
EndProject
Project("{2150E333-8FDC-42A3-9474-1A3956D46DE8}") = "Ordering", "Ordering", "{7A5C8E09-9BA0-4AB5-939A-769FE3E6BB6B}"
EndProject
Project("{9A19103F-16F7-4668-BE54-9A1E7A4F7556}") = "Ordering.API", "Services\Ordering\Ordering.API\Ordering.API.csproj", "{A67754FE-853E-4014-BE09-CE4AABD5D65D}"
EndProject
Project("{9A19103F-16F7-4668-BE54-9A1E7A4F7556}") = "Ordering.Domain", "Services\Ordering\Ordering.Domain\Ordering.Domain.csproj", "{65D425A7-5CFB-4D53-B4A0-CE0C259DD0A3}"
EndProject
Project("{9A19103F-16F7-4668-BE54-9A1E7A4F7556}") = "Ordering.Application", "Services\Ordering\Ordering.Application\Ordering.Application.csproj", "{40FB4709-D622-412B-92CF-C5B0F5FC4E0A}"
EndProject
Project("{9A19103F-16F7-4668-BE54-9A1E7A4F7556}") = "Ordering.Infrastructure", "Services\Ordering\Ordering.Infrastructure\Ordering.Infrastructure.csproj", "{15672638-502C-4745-AA5A-1BEF148EA1CF}"
EndProject
Project("{9A19103F-16F7-4668-BE54-9A1E7A4F7556}") = "BuildingBlocks.Messaging", "BuildingBlocks\BuildingBlocks.Messaging\BuildingBlocks.Messaging.csproj", "{182D2978-B8AF-4993-BF0E-6B2F5B4B16F8}"
EndProject
Project("{2150E333-8FDC-42A3-9474-1A3956D46DE8}") = "ApiGateways", "ApiGateways", "{5C883DF0-E1C6-44C3-A345-A89806837102}"
EndProject
Project("{9A19103F-16F7-4668-BE54-9A1E7A4F7556}") = "YarpApiGateway", "ApiGateways\YarpApiGateway\YarpApiGateway.csproj", "{C7068023-B41E-45D8-A468-C48914DB799F}"
EndProject
Project("{2150E333-8FDC-42A3-9474-1A3956D46DE8}") = "WebApps", "WebApps", "{1DB079FF-AE65-489D-AEA9-0C48819C89A8}"
EndProject
Project("{FAE04EC0-301F-11D3-BF4B-00C04F79EFBC}") = "Shopping.Web", "WebApps\Shopping.Web\Shopping.Web.csproj", "{48DF6D5E-E8F8-411B-8497-FC6B18092E10}"
EndProject
Global
	GlobalSection(SolutionConfigurationPlatforms) = preSolution
		Debug|Any CPU = Debug|Any CPU
		Release|Any CPU = Release|Any CPU
	EndGlobalSection
	GlobalSection(ProjectConfigurationPlatforms) = postSolution
		{A2D73FC8-959B-4500-8D8E-F53A692D776A}.Debug|Any CPU.ActiveCfg = Debug|Any CPU
		{A2D73FC8-959B-4500-8D8E-F53A692D776A}.Debug|Any CPU.Build.0 = Debug|Any CPU
		{A2D73FC8-959B-4500-8D8E-F53A692D776A}.Release|Any CPU.ActiveCfg = Release|Any CPU
		{A2D73FC8-959B-4500-8D8E-F53A692D776A}.Release|Any CPU.Build.0 = Release|Any CPU
		{9D671469-454F-42EC-9107-3C1640285525}.Debug|Any CPU.ActiveCfg = Debug|Any CPU
		{9D671469-454F-42EC-9107-3C1640285525}.Debug|Any CPU.Build.0 = Debug|Any CPU
		{9D671469-454F-42EC-9107-3C1640285525}.Release|Any CPU.ActiveCfg = Release|Any CPU
		{9D671469-454F-42EC-9107-3C1640285525}.Release|Any CPU.Build.0 = Release|Any CPU
		{AEF3A292-2A27-4BBB-BC14-21021E750E45}.Debug|Any CPU.ActiveCfg = Debug|Any CPU
		{AEF3A292-2A27-4BBB-BC14-21021E750E45}.Debug|Any CPU.Build.0 = Debug|Any CPU
		{AEF3A292-2A27-4BBB-BC14-21021E750E45}.Release|Any CPU.ActiveCfg = Release|Any CPU
		{AEF3A292-2A27-4BBB-BC14-21021E750E45}.Release|Any CPU.Build.0 = Release|Any CPU
		{DAA22393-F7D5-41B5-8233-0F2867A8D491}.Debug|Any CPU.ActiveCfg = Debug|Any CPU
		{DAA22393-F7D5-41B5-8233-0F2867A8D491}.Debug|Any CPU.Build.0 = Debug|Any CPU
		{DAA22393-F7D5-41B5-8233-0F2867A8D491}.Release|Any CPU.ActiveCfg = Release|Any CPU
		{DAA22393-F7D5-41B5-8233-0F2867A8D491}.Release|Any CPU.Build.0 = Release|Any CPU
		{4DABEFED-967E-4BE9-9248-42CF71510727}.Debug|Any CPU.ActiveCfg = Debug|Any CPU
		{4DABEFED-967E-4BE9-9248-42CF71510727}.Debug|Any CPU.Build.0 = Debug|Any CPU
		{4DABEFED-967E-4BE9-9248-42CF71510727}.Release|Any CPU.ActiveCfg = Release|Any CPU
		{4DABEFED-967E-4BE9-9248-42CF71510727}.Release|Any CPU.Build.0 = Release|Any CPU
		{A67754FE-853E-4014-BE09-CE4AABD5D65D}.Debug|Any CPU.ActiveCfg = Debug|Any CPU
		{A67754FE-853E-4014-BE09-CE4AABD5D65D}.Debug|Any CPU.Build.0 = Debug|Any CPU
		{A67754FE-853E-4014-BE09-CE4AABD5D65D}.Release|Any CPU.ActiveCfg = Release|Any CPU
		{A67754FE-853E-4014-BE09-CE4AABD5D65D}.Release|Any CPU.Build.0 = Release|Any CPU
		{65D425A7-5CFB-4D53-B4A0-CE0C259DD0A3}.Debug|Any CPU.ActiveCfg = Debug|Any CPU
		{65D425A7-5CFB-4D53-B4A0-CE0C259DD0A3}.Debug|Any CPU.Build.0 = Debug|Any CPU
		{65D425A7-5CFB-4D53-B4A0-CE0C259DD0A3}.Release|Any CPU.ActiveCfg = Release|Any CPU
		{65D425A7-5CFB-4D53-B4A0-CE0C259DD0A3}.Release|Any CPU.Build.0 = Release|Any CPU
		{40FB4709-D622-412B-92CF-C5B0F5FC4E0A}.Debug|Any CPU.ActiveCfg = Debug|Any CPU
		{40FB4709-D622-412B-92CF-C5B0F5FC4E0A}.Debug|Any CPU.Build.0 = Debug|Any CPU
		{40FB4709-D622-412B-92CF-C5B0F5FC4E0A}.Release|Any CPU.ActiveCfg = Release|Any CPU
		{40FB4709-D622-412B-92CF-C5B0F5FC4E0A}.Release|Any CPU.Build.0 = Release|Any CPU
		{15672638-502C-4745-AA5A-1BEF148EA1CF}.Debug|Any CPU.ActiveCfg = Debug|Any CPU
		{15672638-502C-4745-AA5A-1BEF148EA1CF}.Debug|Any CPU.Build.0 = Debug|Any CPU
		{15672638-502C-4745-AA5A-1BEF148EA1CF}.Release|Any CPU.ActiveCfg = Release|Any CPU
		{15672638-502C-4745-AA5A-1BEF148EA1CF}.Release|Any CPU.Build.0 = Release|Any CPU
		{182D2978-B8AF-4993-BF0E-6B2F5B4B16F8}.Debug|Any CPU.ActiveCfg = Debug|Any CPU
		{182D2978-B8AF-4993-BF0E-6B2F5B4B16F8}.Debug|Any CPU.Build.0 = Debug|Any CPU
		{182D2978-B8AF-4993-BF0E-6B2F5B4B16F8}.Release|Any CPU.ActiveCfg = Release|Any CPU
		{182D2978-B8AF-4993-BF0E-6B2F5B4B16F8}.Release|Any CPU.Build.0 = Release|Any CPU
		{C7068023-B41E-45D8-A468-C48914DB799F}.Debug|Any CPU.ActiveCfg = Debug|Any CPU
		{C7068023-B41E-45D8-A468-C48914DB799F}.Debug|Any CPU.Build.0 = Debug|Any CPU
		{C7068023-B41E-45D8-A468-C48914DB799F}.Release|Any CPU.ActiveCfg = Release|Any CPU
		{C7068023-B41E-45D8-A468-C48914DB799F}.Release|Any CPU.Build.0 = Release|Any CPU
		{48DF6D5E-E8F8-411B-8497-FC6B18092E10}.Debug|Any CPU.ActiveCfg = Debug|Any CPU
		{48DF6D5E-E8F8-411B-8497-FC6B18092E10}.Debug|Any CPU.Build.0 = Debug|Any CPU
		{48DF6D5E-E8F8-411B-8497-FC6B18092E10}.Release|Any CPU.ActiveCfg = Release|Any CPU
		{48DF6D5E-E8F8-411B-8497-FC6B18092E10}.Release|Any CPU.Build.0 = Release|Any CPU
	EndGlobalSection
	GlobalSection(SolutionProperties) = preSolution
		HideSolutionNode = FALSE
	EndGlobalSection
	GlobalSection(NestedProjects) = preSolution
		{52685E68-935A-486A-8E81-2729B616A77B} = {AA05EDF8-9869-4FA8-A42A-3EF2A2CA26C8}
		{A2D73FC8-959B-4500-8D8E-F53A692D776A} = {52685E68-935A-486A-8E81-2729B616A77B}
		{9D671469-454F-42EC-9107-3C1640285525} = {270A5259-3818-49E0-8FC2-3C06762807C5}
		{D70F2D95-AF45-45B4-B515-A342B2418D04} = {AA05EDF8-9869-4FA8-A42A-3EF2A2CA26C8}
		{DAA22393-F7D5-41B5-8233-0F2867A8D491} = {D70F2D95-AF45-45B4-B515-A342B2418D04}
		{709FB3FB-2E44-4789-AD27-5C9532E9797F} = {AA05EDF8-9869-4FA8-A42A-3EF2A2CA26C8}
		{4DABEFED-967E-4BE9-9248-42CF71510727} = {709FB3FB-2E44-4789-AD27-5C9532E9797F}
		{7A5C8E09-9BA0-4AB5-939A-769FE3E6BB6B} = {AA05EDF8-9869-4FA8-A42A-3EF2A2CA26C8}
		{A67754FE-853E-4014-BE09-CE4AABD5D65D} = {7A5C8E09-9BA0-4AB5-939A-769FE3E6BB6B}
		{65D425A7-5CFB-4D53-B4A0-CE0C259DD0A3} = {7A5C8E09-9BA0-4AB5-939A-769FE3E6BB6B}
		{40FB4709-D622-412B-92CF-C5B0F5FC4E0A} = {7A5C8E09-9BA0-4AB5-939A-769FE3E6BB6B}
		{15672638-502C-4745-AA5A-1BEF148EA1CF} = {7A5C8E09-9BA0-4AB5-939A-769FE3E6BB6B}
		{182D2978-B8AF-4993-BF0E-6B2F5B4B16F8} = {270A5259-3818-49E0-8FC2-3C06762807C5}
		{C7068023-B41E-45D8-A468-C48914DB799F} = {5C883DF0-E1C6-44C3-A345-A89806837102}
		{48DF6D5E-E8F8-411B-8497-FC6B18092E10} = {1DB079FF-AE65-489D-AEA9-0C48819C89A8}
	EndGlobalSection
	GlobalSection(ExtensibilityGlobals) = postSolution
		SolutionGuid = {F01A014D-E4CE-4746-8B69-DF1B1A5AF383}
	EndGlobalSection
EndGlobal
